
Microsoft Visual Studio Solution File, Format Version 12.00
# Visual Studio 2015
Project("{FAE04EC0-301F-11D3-BF4B-00C04F79EFBC}") = "CubeTest.CSharp.Plugins", "CubeTest.CSharp.Plugins.csproj", "{64E80959-1E26-FBA9-6C2C-D449DC07C322}"
EndProject
Project("{FAE04EC0-301F-11D3-BF4B-00C04F79EFBC}") = "CubeTest.CSharp", "CubeTest.CSharp.csproj", "{A39D759A-E50E-64F8-3724-524FB2E2A27E}"
EndProject
Project("{FAE04EC0-301F-11D3-BF4B-00C04F79EFBC}") = "CubeTest.CSharp.Editor", "CubeTest.CSharp.Editor.csproj", "{72FB6E32-3E2B-D5A5-1BF6-7AE8283B0D90}"
EndProject
Global
	GlobalSection(SolutionConfigurationPlatforms) = preSolution
		Debug|Any CPU = Debug|Any CPU
		Release|Any CPU = Release|Any CPU
	EndGlobalSection
	GlobalSection(ProjectConfigurationPlatforms) = postSolution
		{64E80959-1E26-FBA9-6C2C-D449DC07C322}.Debug|Any CPU.ActiveCfg = Debug|Any CPU
		{64E80959-1E26-FBA9-6C2C-D449DC07C322}.Debug|Any CPU.Build.0 = Debug|Any CPU
		{64E80959-1E26-FBA9-6C2C-D449DC07C322}.Release|Any CPU.ActiveCfg = Release|Any CPU
		{64E80959-1E26-FBA9-6C2C-D449DC07C322}.Release|Any CPU.Build.0 = Release|Any CPU
		{A39D759A-E50E-64F8-3724-524FB2E2A27E}.Debug|Any CPU.ActiveCfg = Debug|Any CPU
		{A39D759A-E50E-64F8-3724-524FB2E2A27E}.Debug|Any CPU.Build.0 = Debug|Any CPU
		{A39D759A-E50E-64F8-3724-524FB2E2A27E}.Release|Any CPU.ActiveCfg = Release|Any CPU
		{A39D759A-E50E-64F8-3724-524FB2E2A27E}.Release|Any CPU.Build.0 = Release|Any CPU
		{72FB6E32-3E2B-D5A5-1BF6-7AE8283B0D90}.Debug|Any CPU.ActiveCfg = Debug|Any CPU
		{72FB6E32-3E2B-D5A5-1BF6-7AE8283B0D90}.Debug|Any CPU.Build.0 = Debug|Any CPU
		{72FB6E32-3E2B-D5A5-1BF6-7AE8283B0D90}.Release|Any CPU.ActiveCfg = Release|Any CPU
		{72FB6E32-3E2B-D5A5-1BF6-7AE8283B0D90}.Release|Any CPU.Build.0 = Release|Any CPU
	EndGlobalSection
	GlobalSection(SolutionProperties) = preSolution
		HideSolutionNode = FALSE
	EndGlobalSection
EndGlobal
